
Microsoft Visual Studio Solution File, Format Version 12.00
# Visual Studio Version 16
VisualStudioVersion = 16.0.31129.286
MinimumVisualStudioVersion = 10.0.40219.1
Project("{FAE04EC0-301F-11D3-BF4B-00C04F79EFBC}") = "0520_Exercises1", "0520_Exercises1.csproj", "{1DD717AA-E155-45C2-B43D-2EC7DAFEB631}"
EndProject
Global
	GlobalSection(SolutionConfigurationPlatforms) = preSolution
		Debug|Any CPU = Debug|Any CPU
		Release|Any CPU = Release|Any CPU
	EndGlobalSection
	GlobalSection(ProjectConfigurationPlatforms) = postSolution
		{1DD717AA-E155-45C2-B43D-2EC7DAFEB631}.Debug|Any CPU.ActiveCfg = Debug|Any CPU
		{1DD717AA-E155-45C2-B43D-2EC7DAFEB631}.Debug|Any CPU.Build.0 = Debug|Any CPU
		{1DD717AA-E155-45C2-B43D-2EC7DAFEB631}.Release|Any CPU.ActiveCfg = Release|Any CPU
		{1DD717AA-E155-45C2-B43D-2EC7DAFEB631}.Release|Any CPU.Build.0 = Release|Any CPU
	EndGlobalSection
	GlobalSection(SolutionProperties) = preSolution
		HideSolutionNode = FALSE
	EndGlobalSection
	GlobalSection(ExtensibilityGlobals) = postSolution
		SolutionGuid = {E6C10F27-9B5F-49D1-AF18-A12851A1C03C}
	EndGlobalSection
EndGlobal
