
Microsoft Visual Studio Solution File, Format Version 12.00
# Visual Studio Version 16
VisualStudioVersion = 16.0.31129.286
MinimumVisualStudioVersion = 10.0.40219.1
Project("{FAE04EC0-301F-11D3-BF4B-00C04F79EFBC}") = "0525_Exercise4", "0525_Exercise4.csproj", "{689034A5-575E-4304-A567-070A30C7220B}"
EndProject
Global
	GlobalSection(SolutionConfigurationPlatforms) = preSolution
		Debug|Any CPU = Debug|Any CPU
		Release|Any CPU = Release|Any CPU
	EndGlobalSection
	GlobalSection(ProjectConfigurationPlatforms) = postSolution
		{689034A5-575E-4304-A567-070A30C7220B}.Debug|Any CPU.ActiveCfg = Debug|Any CPU
		{689034A5-575E-4304-A567-070A30C7220B}.Debug|Any CPU.Build.0 = Debug|Any CPU
		{689034A5-575E-4304-A567-070A30C7220B}.Release|Any CPU.ActiveCfg = Release|Any CPU
		{689034A5-575E-4304-A567-070A30C7220B}.Release|Any CPU.Build.0 = Release|Any CPU
	EndGlobalSection
	GlobalSection(SolutionProperties) = preSolution
		HideSolutionNode = FALSE
	EndGlobalSection
	GlobalSection(ExtensibilityGlobals) = postSolution
		SolutionGuid = {E8912FE1-0AA8-4A69-B4F1-99CB3805347C}
	EndGlobalSection
EndGlobal
